
Microsoft Visual Studio Solution File, Format Version 12.00
# Visual Studio Version 17
VisualStudioVersion = 17.11.35208.52
MinimumVisualStudioVersion = 10.0.40219.1
Project("{8BC9CEB8-8B4A-11D0-8D11-00A0C91BC942}") = "MultiplyRandomGame", "MultiplyRandomGame\MultiplyRandomGame.vcxproj", "{189747CB-0EE1-477E-BB7D-BEADE93D4320}"
EndProject
Project("{8BC9CEB8-8B4A-11D0-8D11-00A0C91BC942}") = "DrawDiamond", "DrawDiamond\DrawDiamond.vcxproj", "{0CE17244-FE4E-4E9E-BBF0-2B2D6B749C30}"
EndProject
Project("{8BC9CEB8-8B4A-11D0-8D11-00A0C91BC942}") = "BubbleSort", "BubbleSort\BubbleSort.vcxproj", "{B0C470DB-1BC2-4700-810C-7AEB60A30A95}"
EndProject
Project("{8BC9CEB8-8B4A-11D0-8D11-00A0C91BC942}") = "SearchMaxMinInArray", "SearchMaxMinInArray\SearchMaxMinInArray.vcxproj", "{3D6ABB87-F183-4AC8-9FE3-922823BB2357}"
EndProject
Project("{8BC9CEB8-8B4A-11D0-8D11-00A0C91BC942}") = "SumElementsOfArray", "SumElementsOfArray\SumElementsOfArray.vcxproj", "{00F39A96-F6A0-4688-9365-4B5CD5C3A09C}"
EndProject
Project("{8BC9CEB8-8B4A-11D0-8D11-00A0C91BC942}") = "DoubleArrayPractice", "DoubleArrayPractice\DoubleArrayPractice.vcxproj", "{78F4B760-A82E-4D2E-A9E9-F12142CE0DA7}"
EndProject
Project("{8BC9CEB8-8B4A-11D0-8D11-00A0C91BC942}") = "TripleArrayTheoryFunc", "TripleArray\TripleArray.vcxproj", "{1CA848E8-6BC7-4218-98D2-47291992F468}"
EndProject
Project("{8BC9CEB8-8B4A-11D0-8D11-00A0C91BC942}") = "FunctionPractice", "FunctionPractice\FunctionPractice.vcxproj", "{32B6FCCF-8FB5-479D-9A90-9596FA76A459}"
EndProject
Project("{8BC9CEB8-8B4A-11D0-8D11-00A0C91BC942}") = "FunctionLecture", "FunctionLecture\FunctionLecture.vcxproj", "{807666B1-0695-4145-922E-629506358F1B}"
EndProject
Project("{8BC9CEB8-8B4A-11D0-8D11-00A0C91BC942}") = "PancakeSort", "PancakeSort\PancakeSort.vcxproj", "{11F4E9F2-BC54-422D-8FC4-DE05C88BDA61}"
EndProject
Project("{8BC9CEB8-8B4A-11D0-8D11-00A0C91BC942}") = "LinerSearch", "LinerSearch\LinerSearch.vcxproj", "{7843C037-F0B3-4D4D-AB4F-B4F0628946AE}"
EndProject
Project("{8BC9CEB8-8B4A-11D0-8D11-00A0C91BC942}") = "MergeSort", "MergeSort\MergeSort.vcxproj", "{34FA1538-B802-4733-BDAF-6156C779258D}"
EndProject
Project("{8BC9CEB8-8B4A-11D0-8D11-00A0C91BC942}") = "Pointers", "Pointers\Pointers.vcxproj", "{4AC882E3-A7CC-416B-B0C7-3E087DE43AB6}"
EndProject
Project("{8BC9CEB8-8B4A-11D0-8D11-00A0C91BC942}") = "QuickSort", "QuickSort\QuickSort.vcxproj", "{FD2E2D8F-8EA2-4740-AF97-A5A80C4C1686}"
EndProject
Project("{8BC9CEB8-8B4A-11D0-8D11-00A0C91BC942}") = "RecurtionFunc", "RecurtionFunc\RecurtionFunc.vcxproj", "{67BDA8E8-3DFB-4B0D-AF26-B1E0A32E6ECE}"
EndProject
Project("{8BC9CEB8-8B4A-11D0-8D11-00A0C91BC942}") = "References", "References\References.vcxproj", "{2EF57388-3E58-4B51-B0FD-2DB13BACA371}"
EndProject
Project("{8BC9CEB8-8B4A-11D0-8D11-00A0C91BC942}") = "W14_1_Pointers_Practice", "W14_1_Pointers_Practice\W14_1_Pointers_Practice.vcxproj", "{B6B9FE8A-7029-4093-B401-B7FF11B8726C}"
EndProject
Project("{8BC9CEB8-8B4A-11D0-8D11-00A0C91BC942}") = "16.02.2025_WH18_Structures_Practice", "16.02.2025_WH18_Structures_Practice\16.02.2025_WH18_Structures_Practice.vcxproj", "{CCDB4D6E-7511-4EF0-838D-575CF19F6B69}"
EndProject
Project("{8BC9CEB8-8B4A-11D0-8D11-00A0C91BC942}") = "Strings", "Strings\Strings.vcxproj", "{5B686674-0473-42A7-A7FD-07AFEDD54C6E}"
EndProject
Project("{8BC9CEB8-8B4A-11D0-8D11-00A0C91BC942}") = "Practice_15_PointersOnFunctions_Calculator", "Practice_15_PointersOnFunctions_Calculator\Practice_15_PointersOnFunctions_Calculator.vcxproj", "{9B59B1D5-C16B-4DF7-9CF1-B1D3CB1EE702}"
EndProject
Project("{8BC9CEB8-8B4A-11D0-8D11-00A0C91BC942}") = "Lesson_15_DoubleArrayDinamycMemmory", "Lesson_15_DoubleArrayDinamycMemmory\Lesson_15_DoubleArrayDinamycMemmory.vcxproj", "{5BAF14CF-A987-4EB6-A062-6695EDF0D288}"
EndProject
Project("{8BC9CEB8-8B4A-11D0-8D11-00A0C91BC942}") = "15.02.2025_Structures", "15.02.2025_Structures\15.02.2025_Structures.vcxproj", "{01A5D220-DB84-411C-B94E-6DD9E2BD5E0B}"
EndProject
Project("{8BC9CEB8-8B4A-11D0-8D11-00A0C91BC942}") = "26_02_2025_FP_Practice_15_2_Strings", "26_02_2025_FP_Practice_15_2_Strings\26_02_2025_FP_Practice_15_2_Strings.vcxproj", "{A0119B75-F858-4467-A114-DE58D60A8609}"
EndProject
Project("{8BC9CEB8-8B4A-11D0-8D11-00A0C91BC942}") = "22_02_2025_FP_19_1_Practice_Structures", "22_02_2025_FP_19_1_Practice_Structures\22_02_2025_FP_19_1_Practice_Structures.vcxproj", "{B09CCF67-A09A-40A5-BB28-55766106FDE6}"
EndProject
Project("{8BC9CEB8-8B4A-11D0-8D11-00A0C91BC942}") = "22_02_2025_Lectures_Strings", "22_02_2025_Lectures_Strings\22_02_2025_Lectures_Strings.vcxproj", "{9A0C65E8-11D4-4F80-BF11-DEFA6A40B140}"
EndProject
Project("{8BC9CEB8-8B4A-11D0-8D11-00A0C91BC942}") = "01_03_2025_BitOperations", "01_03_2025_BitOperations\01_03_2025_BitOperations.vcxproj", "{67FE67B8-E990-4F02-B338-C5037AA006DE}"
EndProject
Project("{8BC9CEB8-8B4A-11D0-8D11-00A0C91BC942}") = "02_03_2025_PracticeSystemOfCounting", "02_03_2025_PracticeSystemOfCounting\02_03_2025_PracticeSystemOfCounting.vcxproj", "{8BCF793C-071A-432D-B9CE-83891F3E0B37}"
EndProject
Project("{8BC9CEB8-8B4A-11D0-8D11-00A0C91BC942}") = "BlockChain", "BlockChain\BlockChain.vcxproj", "{11A19BCE-D7AC-4BF8-BA0B-8DEFBC1902EB}"
EndProject
Project("{8BC9CEB8-8B4A-11D0-8D11-00A0C91BC942}") = "03_03_2025_Files_Lecture", "03_03_2025_Files_Lecture\03_03_2025_Files_Lecture.vcxproj", "{B2B3F5EA-3C85-45C1-B7CC-15E4F28029E1}"
EndProject
Project("{8BC9CEB8-8B4A-11D0-8D11-00A0C91BC942}") = "05_03_2025_FP_Practice_21_1_Files", "05_03_2025_FP_Practice_21_1_Files\05_03_2025_FP_Practice_21_1_Files.vcxproj", "{4F75B370-CAC7-4950-9C9E-82185C89A39D}"
EndProject
Project("{8BC9CEB8-8B4A-11D0-8D11-00A0C91BC942}") = "05_03_2025_Lectures_Files_Streams", "05_03_2025_Lectures_Files_Streams\05_03_2025_Lectures_Files_Streams.vcxproj", "{F6E0AE43-E3E1-4C94-905C-D8415ABC30D9}"
EndProject
Project("{8BC9CEB8-8B4A-11D0-8D11-00A0C91BC942}") = "17_03_2025_Union_ByteFilds", "17_03_2025_Union_ByteFilds\17_03_2025_Union_ByteFilds.vcxproj", "{65307AEC-C262-481E-873D-0CDFD9758182}"
EndProject
Project("{8BC9CEB8-8B4A-11D0-8D11-00A0C91BC942}") = "19_03_2025_FP_HW_22_1_Files", "19_03_2025_FP_HW_22_1_Files\19_03_2025_FP_HW_22_1_Files.vcxproj", "{8E9AC0AC-232A-44D6-860E-7EC864D1F43F}"
EndProject
Project("{8BC9CEB8-8B4A-11D0-8D11-00A0C91BC942}") = "28.04.2025_MultyThreading", "28.04.2025_MultyThreading\28.04.2025_MultyThreading.vcxproj", "{5F7A7D8C-6A32-4E2F-BB20-CCF4B48D0F3F}"
EndProject
Project("{8BC9CEB8-8B4A-11D0-8D11-00A0C91BC942}") = "30.04.2025_MultiThreadingPractice", "30.04.2025_MultiThreadingPractice\30.04.2025_MultiThreadingPractice.vcxproj", "{FB4362E1-FBF7-4CF8-9958-0AE8E565D1D4}"
EndProject
Project("{8BC9CEB8-8B4A-11D0-8D11-00A0C91BC942}") = "14_05_2025_OOP_1_Introdution", "14_05_2025_OOP_1_Introdution\14_05_2025_OOP_1_Introdution.vcxproj", "{84761AAC-24B1-410D-8C2E-BA6753D76F1F}"
EndProject
Project("{8BC9CEB8-8B4A-11D0-8D11-00A0C91BC942}") = "19_05_2025_OOP_2_Introdution", "19_05_2025_OOP_2_Introdution\19_05_2025_OOP_2_Introdution.vcxproj", "{C7F4E8E3-3D73-4C14-A209-AC2AC3A6FFB1}"
EndProject
Project("{9A19103F-16F7-4668-BE54-9A1E7A4F7556}") = "ConsoleApp1", "ConsoleApp1\ConsoleApp1.csproj", "{9755F3B6-4A9C-4A77-A705-0C042F2B41BD}"
EndProject
Project("{8BC9CEB8-8B4A-11D0-8D11-00A0C91BC942}") = "21_05_2025_OOP_3_Practice", "21_05_2025_OOP_3_Practice\21_05_2025_OOP_3_Practice.vcxproj", "{7E92EA23-DE7B-4197-9373-5C0EDF446CD6}"
EndProject
Project("{8BC9CEB8-8B4A-11D0-8D11-00A0C91BC942}") = "17_05_2025_Exam", "17_05_2025_Exam\17_05_2025_Exam.vcxproj", "{60ABDAD5-C23B-4A0E-87FA-FD07D26BA269}"
EndProject
Project("{8BC9CEB8-8B4A-11D0-8D11-00A0C91BC942}") = "24_05_2025_FP_OOP", "24_05_2025_FP_OOP\24_05_2025_FP_OOP.vcxproj", "{B22CEEBF-CB78-4BBF-9241-7A117016DFA7}"
EndProject
Project("{8BC9CEB8-8B4A-11D0-8D11-00A0C91BC942}") = "31_05_2025_Class_OOP_4", "31_05_2025_Class_OOP_4\31_05_2025_Class_OOP_4.vcxproj", "{1001EF72-122C-4E6E-A75E-A780400AD290}"
EndProject
Project("{8BC9CEB8-8B4A-11D0-8D11-00A0C91BC942}") = "07_06_2025_FP_overriding_operators", "07_06_2025_FP_overriding_operators\07_06_2025_FP_overriding_operators.vcxproj", "{9272B595-B17B-466E-BD3F-C7B9FB271DD0}"
EndProject
Global
	GlobalSection(SolutionConfigurationPlatforms) = preSolution
		Debug|Any CPU = Debug|Any CPU
		Debug|x64 = Debug|x64
		Debug|x86 = Debug|x86
		Release|Any CPU = Release|Any CPU
		Release|x64 = Release|x64
		Release|x86 = Release|x86
	EndGlobalSection
	GlobalSection(ProjectConfigurationPlatforms) = postSolution
		{189747CB-0EE1-477E-BB7D-BEADE93D4320}.Debug|Any CPU.ActiveCfg = Debug|x64
		{189747CB-0EE1-477E-BB7D-BEADE93D4320}.Debug|Any CPU.Build.0 = Debug|x64
		{189747CB-0EE1-477E-BB7D-BEADE93D4320}.Debug|x64.ActiveCfg = Debug|x64
		{189747CB-0EE1-477E-BB7D-BEADE93D4320}.Debug|x64.Build.0 = Debug|x64
		{189747CB-0EE1-477E-BB7D-BEADE93D4320}.Debug|x86.ActiveCfg = Debug|Win32
		{189747CB-0EE1-477E-BB7D-BEADE93D4320}.Debug|x86.Build.0 = Debug|Win32
		{189747CB-0EE1-477E-BB7D-BEADE93D4320}.Release|Any CPU.ActiveCfg = Release|x64
		{189747CB-0EE1-477E-BB7D-BEADE93D4320}.Release|Any CPU.Build.0 = Release|x64
		{189747CB-0EE1-477E-BB7D-BEADE93D4320}.Release|x64.ActiveCfg = Release|x64
		{189747CB-0EE1-477E-BB7D-BEADE93D4320}.Release|x64.Build.0 = Release|x64
		{189747CB-0EE1-477E-BB7D-BEADE93D4320}.Release|x86.ActiveCfg = Release|Win32
		{189747CB-0EE1-477E-BB7D-BEADE93D4320}.Release|x86.Build.0 = Release|Win32
		{0CE17244-FE4E-4E9E-BBF0-2B2D6B749C30}.Debug|Any CPU.ActiveCfg = Debug|x64
		{0CE17244-FE4E-4E9E-BBF0-2B2D6B749C30}.Debug|Any CPU.Build.0 = Debug|x64
		{0CE17244-FE4E-4E9E-BBF0-2B2D6B749C30}.Debug|x64.ActiveCfg = Debug|x64
		{0CE17244-FE4E-4E9E-BBF0-2B2D6B749C30}.Debug|x64.Build.0 = Debug|x64
		{0CE17244-FE4E-4E9E-BBF0-2B2D6B749C30}.Debug|x86.ActiveCfg = Debug|Win32
		{0CE17244-FE4E-4E9E-BBF0-2B2D6B749C30}.Debug|x86.Build.0 = Debug|Win32
		{0CE17244-FE4E-4E9E-BBF0-2B2D6B749C30}.Release|Any CPU.ActiveCfg = Release|x64
		{0CE17244-FE4E-4E9E-BBF0-2B2D6B749C30}.Release|Any CPU.Build.0 = Release|x64
		{0CE17244-FE4E-4E9E-BBF0-2B2D6B749C30}.Release|x64.ActiveCfg = Release|x64
		{0CE17244-FE4E-4E9E-BBF0-2B2D6B749C30}.Release|x64.Build.0 = Release|x64
		{0CE17244-FE4E-4E9E-BBF0-2B2D6B749C30}.Release|x86.ActiveCfg = Release|Win32
		{0CE17244-FE4E-4E9E-BBF0-2B2D6B749C30}.Release|x86.Build.0 = Release|Win32
		{B0C470DB-1BC2-4700-810C-7AEB60A30A95}.Debug|Any CPU.ActiveCfg = Debug|x64
		{B0C470DB-1BC2-4700-810C-7AEB60A30A95}.Debug|Any CPU.Build.0 = Debug|x64
		{B0C470DB-1BC2-4700-810C-7AEB60A30A95}.Debug|x64.ActiveCfg = Debug|x64
		{B0C470DB-1BC2-4700-810C-7AEB60A30A95}.Debug|x64.Build.0 = Debug|x64
		{B0C470DB-1BC2-4700-810C-7AEB60A30A95}.Debug|x86.ActiveCfg = Debug|Win32
		{B0C470DB-1BC2-4700-810C-7AEB60A30A95}.Debug|x86.Build.0 = Debug|Win32
		{B0C470DB-1BC2-4700-810C-7AEB60A30A95}.Release|Any CPU.ActiveCfg = Release|x64
		{B0C470DB-1BC2-4700-810C-7AEB60A30A95}.Release|Any CPU.Build.0 = Release|x64
		{B0C470DB-1BC2-4700-810C-7AEB60A30A95}.Release|x64.ActiveCfg = Release|x64
		{B0C470DB-1BC2-4700-810C-7AEB60A30A95}.Release|x64.Build.0 = Release|x64
		{B0C470DB-1BC2-4700-810C-7AEB60A30A95}.Release|x86.ActiveCfg = Release|Win32
		{B0C470DB-1BC2-4700-810C-7AEB60A30A95}.Release|x86.Build.0 = Release|Win32
		{3D6ABB87-F183-4AC8-9FE3-922823BB2357}.Debug|Any CPU.ActiveCfg = Debug|x64
		{3D6ABB87-F183-4AC8-9FE3-922823BB2357}.Debug|Any CPU.Build.0 = Debug|x64
		{3D6ABB87-F183-4AC8-9FE3-922823BB2357}.Debug|x64.ActiveCfg = Debug|x64
		{3D6ABB87-F183-4AC8-9FE3-922823BB2357}.Debug|x64.Build.0 = Debug|x64
		{3D6ABB87-F183-4AC8-9FE3-922823BB2357}.Debug|x86.ActiveCfg = Debug|Win32
		{3D6ABB87-F183-4AC8-9FE3-922823BB2357}.Debug|x86.Build.0 = Debug|Win32
		{3D6ABB87-F183-4AC8-9FE3-922823BB2357}.Release|Any CPU.ActiveCfg = Release|x64
		{3D6ABB87-F183-4AC8-9FE3-922823BB2357}.Release|Any CPU.Build.0 = Release|x64
		{3D6ABB87-F183-4AC8-9FE3-922823BB2357}.Release|x64.ActiveCfg = Release|x64
		{3D6ABB87-F183-4AC8-9FE3-922823BB2357}.Release|x64.Build.0 = Release|x64
		{3D6ABB87-F183-4AC8-9FE3-922823BB2357}.Release|x86.ActiveCfg = Release|Win32
		{3D6ABB87-F183-4AC8-9FE3-922823BB2357}.Release|x86.Build.0 = Release|Win32
		{00F39A96-F6A0-4688-9365-4B5CD5C3A09C}.Debug|Any CPU.ActiveCfg = Debug|x64
		{00F39A96-F6A0-4688-9365-4B5CD5C3A09C}.Debug|Any CPU.Build.0 = Debug|x64
		{00F39A96-F6A0-4688-9365-4B5CD5C3A09C}.Debug|x64.ActiveCfg = Debug|x64
		{00F39A96-F6A0-4688-9365-4B5CD5C3A09C}.Debug|x64.Build.0 = Debug|x64
		{00F39A96-F6A0-4688-9365-4B5CD5C3A09C}.Debug|x86.ActiveCfg = Debug|Win32
		{00F39A96-F6A0-4688-9365-4B5CD5C3A09C}.Debug|x86.Build.0 = Debug|Win32
		{00F39A96-F6A0-4688-9365-4B5CD5C3A09C}.Release|Any CPU.ActiveCfg = Release|x64
		{00F39A96-F6A0-4688-9365-4B5CD5C3A09C}.Release|Any CPU.Build.0 = Release|x64
		{00F39A96-F6A0-4688-9365-4B5CD5C3A09C}.Release|x64.ActiveCfg = Release|x64
		{00F39A96-F6A0-4688-9365-4B5CD5C3A09C}.Release|x64.Build.0 = Release|x64
		{00F39A96-F6A0-4688-9365-4B5CD5C3A09C}.Release|x86.ActiveCfg = Release|Win32
		{00F39A96-F6A0-4688-9365-4B5CD5C3A09C}.Release|x86.Build.0 = Release|Win32
		{78F4B760-A82E-4D2E-A9E9-F12142CE0DA7}.Debug|Any CPU.ActiveCfg = Debug|x64
		{78F4B760-A82E-4D2E-A9E9-F12142CE0DA7}.Debug|Any CPU.Build.0 = Debug|x64
		{78F4B760-A82E-4D2E-A9E9-F12142CE0DA7}.Debug|x64.ActiveCfg = Debug|x64
		{78F4B760-A82E-4D2E-A9E9-F12142CE0DA7}.Debug|x64.Build.0 = Debug|x64
		{78F4B760-A82E-4D2E-A9E9-F12142CE0DA7}.Debug|x86.ActiveCfg = Debug|Win32
		{78F4B760-A82E-4D2E-A9E9-F12142CE0DA7}.Debug|x86.Build.0 = Debug|Win32
		{78F4B760-A82E-4D2E-A9E9-F12142CE0DA7}.Release|Any CPU.ActiveCfg = Release|x64
		{78F4B760-A82E-4D2E-A9E9-F12142CE0DA7}.Release|Any CPU.Build.0 = Release|x64
		{78F4B760-A82E-4D2E-A9E9-F12142CE0DA7}.Release|x64.ActiveCfg = Release|x64
		{78F4B760-A82E-4D2E-A9E9-F12142CE0DA7}.Release|x64.Build.0 = Release|x64
		{78F4B760-A82E-4D2E-A9E9-F12142CE0DA7}.Release|x86.ActiveCfg = Release|Win32
		{78F4B760-A82E-4D2E-A9E9-F12142CE0DA7}.Release|x86.Build.0 = Release|Win32
		{1CA848E8-6BC7-4218-98D2-47291992F468}.Debug|Any CPU.ActiveCfg = Debug|x64
		{1CA848E8-6BC7-4218-98D2-47291992F468}.Debug|Any CPU.Build.0 = Debug|x64
		{1CA848E8-6BC7-4218-98D2-47291992F468}.Debug|x64.ActiveCfg = Debug|x64
		{1CA848E8-6BC7-4218-98D2-47291992F468}.Debug|x64.Build.0 = Debug|x64
		{1CA848E8-6BC7-4218-98D2-47291992F468}.Debug|x86.ActiveCfg = Debug|Win32
		{1CA848E8-6BC7-4218-98D2-47291992F468}.Debug|x86.Build.0 = Debug|Win32
		{1CA848E8-6BC7-4218-98D2-47291992F468}.Release|Any CPU.ActiveCfg = Release|x64
		{1CA848E8-6BC7-4218-98D2-47291992F468}.Release|Any CPU.Build.0 = Release|x64
		{1CA848E8-6BC7-4218-98D2-47291992F468}.Release|x64.ActiveCfg = Release|x64
		{1CA848E8-6BC7-4218-98D2-47291992F468}.Release|x64.Build.0 = Release|x64
		{1CA848E8-6BC7-4218-98D2-47291992F468}.Release|x86.ActiveCfg = Release|Win32
		{1CA848E8-6BC7-4218-98D2-47291992F468}.Release|x86.Build.0 = Release|Win32
		{32B6FCCF-8FB5-479D-9A90-9596FA76A459}.Debug|Any CPU.ActiveCfg = Debug|x64
		{32B6FCCF-8FB5-479D-9A90-9596FA76A459}.Debug|Any CPU.Build.0 = Debug|x64
		{32B6FCCF-8FB5-479D-9A90-9596FA76A459}.Debug|x64.ActiveCfg = Debug|x64
		{32B6FCCF-8FB5-479D-9A90-9596FA76A459}.Debug|x64.Build.0 = Debug|x64
		{32B6FCCF-8FB5-479D-9A90-9596FA76A459}.Debug|x86.ActiveCfg = Debug|Win32
		{32B6FCCF-8FB5-479D-9A90-9596FA76A459}.Debug|x86.Build.0 = Debug|Win32
		{32B6FCCF-8FB5-479D-9A90-9596FA76A459}.Release|Any CPU.ActiveCfg = Release|x64
		{32B6FCCF-8FB5-479D-9A90-9596FA76A459}.Release|Any CPU.Build.0 = Release|x64
		{32B6FCCF-8FB5-479D-9A90-9596FA76A459}.Release|x64.ActiveCfg = Release|x64
		{32B6FCCF-8FB5-479D-9A90-9596FA76A459}.Release|x64.Build.0 = Release|x64
		{32B6FCCF-8FB5-479D-9A90-9596FA76A459}.Release|x86.ActiveCfg = Release|Win32
		{32B6FCCF-8FB5-479D-9A90-9596FA76A459}.Release|x86.Build.0 = Release|Win32
		{807666B1-0695-4145-922E-629506358F1B}.Debug|Any CPU.ActiveCfg = Debug|x64
		{807666B1-0695-4145-922E-629506358F1B}.Debug|Any CPU.Build.0 = Debug|x64
		{807666B1-0695-4145-922E-629506358F1B}.Debug|x64.ActiveCfg = Debug|x64
		{807666B1-0695-4145-922E-629506358F1B}.Debug|x64.Build.0 = Debug|x64
		{807666B1-0695-4145-922E-629506358F1B}.Debug|x86.ActiveCfg = Debug|Win32
		{807666B1-0695-4145-922E-629506358F1B}.Debug|x86.Build.0 = Debug|Win32
		{807666B1-0695-4145-922E-629506358F1B}.Release|Any CPU.ActiveCfg = Release|x64
		{807666B1-0695-4145-922E-629506358F1B}.Release|Any CPU.Build.0 = Release|x64
		{807666B1-0695-4145-922E-629506358F1B}.Release|x64.ActiveCfg = Release|x64
		{807666B1-0695-4145-922E-629506358F1B}.Release|x64.Build.0 = Release|x64
		{807666B1-0695-4145-922E-629506358F1B}.Release|x86.ActiveCfg = Release|Win32
		{807666B1-0695-4145-922E-629506358F1B}.Release|x86.Build.0 = Release|Win32
		{11F4E9F2-BC54-422D-8FC4-DE05C88BDA61}.Debug|Any CPU.ActiveCfg = Debug|x64
		{11F4E9F2-BC54-422D-8FC4-DE05C88BDA61}.Debug|Any CPU.Build.0 = Debug|x64
		{11F4E9F2-BC54-422D-8FC4-DE05C88BDA61}.Debug|x64.ActiveCfg = Debug|x64
		{11F4E9F2-BC54-422D-8FC4-DE05C88BDA61}.Debug|x64.Build.0 = Debug|x64
		{11F4E9F2-BC54-422D-8FC4-DE05C88BDA61}.Debug|x86.ActiveCfg = Debug|Win32
		{11F4E9F2-BC54-422D-8FC4-DE05C88BDA61}.Debug|x86.Build.0 = Debug|Win32
		{11F4E9F2-BC54-422D-8FC4-DE05C88BDA61}.Release|Any CPU.ActiveCfg = Release|x64
		{11F4E9F2-BC54-422D-8FC4-DE05C88BDA61}.Release|Any CPU.Build.0 = Release|x64
		{11F4E9F2-BC54-422D-8FC4-DE05C88BDA61}.Release|x64.ActiveCfg = Release|x64
		{11F4E9F2-BC54-422D-8FC4-DE05C88BDA61}.Release|x64.Build.0 = Release|x64
		{11F4E9F2-BC54-422D-8FC4-DE05C88BDA61}.Release|x86.ActiveCfg = Release|Win32
		{11F4E9F2-BC54-422D-8FC4-DE05C88BDA61}.Release|x86.Build.0 = Release|Win32
		{7843C037-F0B3-4D4D-AB4F-B4F0628946AE}.Debug|Any CPU.ActiveCfg = Debug|x64
		{7843C037-F0B3-4D4D-AB4F-B4F0628946AE}.Debug|Any CPU.Build.0 = Debug|x64
		{7843C037-F0B3-4D4D-AB4F-B4F0628946AE}.Debug|x64.ActiveCfg = Debug|x64
		{7843C037-F0B3-4D4D-AB4F-B4F0628946AE}.Debug|x64.Build.0 = Debug|x64
		{7843C037-F0B3-4D4D-AB4F-B4F0628946AE}.Debug|x86.ActiveCfg = Debug|Win32
		{7843C037-F0B3-4D4D-AB4F-B4F0628946AE}.Debug|x86.Build.0 = Debug|Win32
		{7843C037-F0B3-4D4D-AB4F-B4F0628946AE}.Release|Any CPU.ActiveCfg = Release|x64
		{7843C037-F0B3-4D4D-AB4F-B4F0628946AE}.Release|Any CPU.Build.0 = Release|x64
		{7843C037-F0B3-4D4D-AB4F-B4F0628946AE}.Release|x64.ActiveCfg = Release|x64
		{7843C037-F0B3-4D4D-AB4F-B4F0628946AE}.Release|x64.Build.0 = Release|x64
		{7843C037-F0B3-4D4D-AB4F-B4F0628946AE}.Release|x86.ActiveCfg = Release|Win32
		{7843C037-F0B3-4D4D-AB4F-B4F0628946AE}.Release|x86.Build.0 = Release|Win32
		{34FA1538-B802-4733-BDAF-6156C779258D}.Debug|Any CPU.ActiveCfg = Debug|x64
		{34FA1538-B802-4733-BDAF-6156C779258D}.Debug|Any CPU.Build.0 = Debug|x64
		{34FA1538-B802-4733-BDAF-6156C779258D}.Debug|x64.ActiveCfg = Debug|x64
		{34FA1538-B802-4733-BDAF-6156C779258D}.Debug|x64.Build.0 = Debug|x64
		{34FA1538-B802-4733-BDAF-6156C779258D}.Debug|x86.ActiveCfg = Debug|Win32
		{34FA1538-B802-4733-BDAF-6156C779258D}.Debug|x86.Build.0 = Debug|Win32
		{34FA1538-B802-4733-BDAF-6156C779258D}.Release|Any CPU.ActiveCfg = Release|x64
		{34FA1538-B802-4733-BDAF-6156C779258D}.Release|Any CPU.Build.0 = Release|x64
		{34FA1538-B802-4733-BDAF-6156C779258D}.Release|x64.ActiveCfg = Release|x64
		{34FA1538-B802-4733-BDAF-6156C779258D}.Release|x64.Build.0 = Release|x64
		{34FA1538-B802-4733-BDAF-6156C779258D}.Release|x86.ActiveCfg = Release|Win32
		{34FA1538-B802-4733-BDAF-6156C779258D}.Release|x86.Build.0 = Release|Win32
		{4AC882E3-A7CC-416B-B0C7-3E087DE43AB6}.Debug|Any CPU.ActiveCfg = Debug|x64
		{4AC882E3-A7CC-416B-B0C7-3E087DE43AB6}.Debug|Any CPU.Build.0 = Debug|x64
		{4AC882E3-A7CC-416B-B0C7-3E087DE43AB6}.Debug|x64.ActiveCfg = Debug|x64
		{4AC882E3-A7CC-416B-B0C7-3E087DE43AB6}.Debug|x64.Build.0 = Debug|x64
		{4AC882E3-A7CC-416B-B0C7-3E087DE43AB6}.Debug|x86.ActiveCfg = Debug|Win32
		{4AC882E3-A7CC-416B-B0C7-3E087DE43AB6}.Debug|x86.Build.0 = Debug|Win32
		{4AC882E3-A7CC-416B-B0C7-3E087DE43AB6}.Release|Any CPU.ActiveCfg = Release|x64
		{4AC882E3-A7CC-416B-B0C7-3E087DE43AB6}.Release|Any CPU.Build.0 = Release|x64
		{4AC882E3-A7CC-416B-B0C7-3E087DE43AB6}.Release|x64.ActiveCfg = Release|x64
		{4AC882E3-A7CC-416B-B0C7-3E087DE43AB6}.Release|x64.Build.0 = Release|x64
		{4AC882E3-A7CC-416B-B0C7-3E087DE43AB6}.Release|x86.ActiveCfg = Release|Win32
		{4AC882E3-A7CC-416B-B0C7-3E087DE43AB6}.Release|x86.Build.0 = Release|Win32
		{FD2E2D8F-8EA2-4740-AF97-A5A80C4C1686}.Debug|Any CPU.ActiveCfg = Debug|x64
		{FD2E2D8F-8EA2-4740-AF97-A5A80C4C1686}.Debug|Any CPU.Build.0 = Debug|x64
		{FD2E2D8F-8EA2-4740-AF97-A5A80C4C1686}.Debug|x64.ActiveCfg = Debug|x64
		{FD2E2D8F-8EA2-4740-AF97-A5A80C4C1686}.Debug|x64.Build.0 = Debug|x64
		{FD2E2D8F-8EA2-4740-AF97-A5A80C4C1686}.Debug|x86.ActiveCfg = Debug|Win32
		{FD2E2D8F-8EA2-4740-AF97-A5A80C4C1686}.Debug|x86.Build.0 = Debug|Win32
		{FD2E2D8F-8EA2-4740-AF97-A5A80C4C1686}.Release|Any CPU.ActiveCfg = Release|x64
		{FD2E2D8F-8EA2-4740-AF97-A5A80C4C1686}.Release|Any CPU.Build.0 = Release|x64
		{FD2E2D8F-8EA2-4740-AF97-A5A80C4C1686}.Release|x64.ActiveCfg = Release|x64
		{FD2E2D8F-8EA2-4740-AF97-A5A80C4C1686}.Release|x64.Build.0 = Release|x64
		{FD2E2D8F-8EA2-4740-AF97-A5A80C4C1686}.Release|x86.ActiveCfg = Release|Win32
		{FD2E2D8F-8EA2-4740-AF97-A5A80C4C1686}.Release|x86.Build.0 = Release|Win32
		{67BDA8E8-3DFB-4B0D-AF26-B1E0A32E6ECE}.Debug|Any CPU.ActiveCfg = Debug|x64
		{67BDA8E8-3DFB-4B0D-AF26-B1E0A32E6ECE}.Debug|Any CPU.Build.0 = Debug|x64
		{67BDA8E8-3DFB-4B0D-AF26-B1E0A32E6ECE}.Debug|x64.ActiveCfg = Debug|x64
		{67BDA8E8-3DFB-4B0D-AF26-B1E0A32E6ECE}.Debug|x64.Build.0 = Debug|x64
		{67BDA8E8-3DFB-4B0D-AF26-B1E0A32E6ECE}.Debug|x86.ActiveCfg = Debug|Win32
		{67BDA8E8-3DFB-4B0D-AF26-B1E0A32E6ECE}.Debug|x86.Build.0 = Debug|Win32
		{67BDA8E8-3DFB-4B0D-AF26-B1E0A32E6ECE}.Release|Any CPU.ActiveCfg = Release|x64
		{67BDA8E8-3DFB-4B0D-AF26-B1E0A32E6ECE}.Release|Any CPU.Build.0 = Release|x64
		{67BDA8E8-3DFB-4B0D-AF26-B1E0A32E6ECE}.Release|x64.ActiveCfg = Release|x64
		{67BDA8E8-3DFB-4B0D-AF26-B1E0A32E6ECE}.Release|x64.Build.0 = Release|x64
		{67BDA8E8-3DFB-4B0D-AF26-B1E0A32E6ECE}.Release|x86.ActiveCfg = Release|Win32
		{67BDA8E8-3DFB-4B0D-AF26-B1E0A32E6ECE}.Release|x86.Build.0 = Release|Win32
		{2EF57388-3E58-4B51-B0FD-2DB13BACA371}.Debug|Any CPU.ActiveCfg = Debug|x64
		{2EF57388-3E58-4B51-B0FD-2DB13BACA371}.Debug|Any CPU.Build.0 = Debug|x64
		{2EF57388-3E58-4B51-B0FD-2DB13BACA371}.Debug|x64.ActiveCfg = Debug|x64
		{2EF57388-3E58-4B51-B0FD-2DB13BACA371}.Debug|x64.Build.0 = Debug|x64
		{2EF57388-3E58-4B51-B0FD-2DB13BACA371}.Debug|x86.ActiveCfg = Debug|Win32
		{2EF57388-3E58-4B51-B0FD-2DB13BACA371}.Debug|x86.Build.0 = Debug|Win32
		{2EF57388-3E58-4B51-B0FD-2DB13BACA371}.Release|Any CPU.ActiveCfg = Release|x64
		{2EF57388-3E58-4B51-B0FD-2DB13BACA371}.Release|Any CPU.Build.0 = Release|x64
		{2EF57388-3E58-4B51-B0FD-2DB13BACA371}.Release|x64.ActiveCfg = Release|x64
		{2EF57388-3E58-4B51-B0FD-2DB13BACA371}.Release|x64.Build.0 = Release|x64
		{2EF57388-3E58-4B51-B0FD-2DB13BACA371}.Release|x86.ActiveCfg = Release|Win32
		{2EF57388-3E58-4B51-B0FD-2DB13BACA371}.Release|x86.Build.0 = Release|Win32
		{B6B9FE8A-7029-4093-B401-B7FF11B8726C}.Debug|Any CPU.ActiveCfg = Debug|x64
		{B6B9FE8A-7029-4093-B401-B7FF11B8726C}.Debug|Any CPU.Build.0 = Debug|x64
		{B6B9FE8A-7029-4093-B401-B7FF11B8726C}.Debug|x64.ActiveCfg = Debug|x64
		{B6B9FE8A-7029-4093-B401-B7FF11B8726C}.Debug|x64.Build.0 = Debug|x64
		{B6B9FE8A-7029-4093-B401-B7FF11B8726C}.Debug|x86.ActiveCfg = Debug|Win32
		{B6B9FE8A-7029-4093-B401-B7FF11B8726C}.Debug|x86.Build.0 = Debug|Win32
		{B6B9FE8A-7029-4093-B401-B7FF11B8726C}.Release|Any CPU.ActiveCfg = Release|x64
		{B6B9FE8A-7029-4093-B401-B7FF11B8726C}.Release|Any CPU.Build.0 = Release|x64
		{B6B9FE8A-7029-4093-B401-B7FF11B8726C}.Release|x64.ActiveCfg = Release|x64
		{B6B9FE8A-7029-4093-B401-B7FF11B8726C}.Release|x64.Build.0 = Release|x64
		{B6B9FE8A-7029-4093-B401-B7FF11B8726C}.Release|x86.ActiveCfg = Release|Win32
		{B6B9FE8A-7029-4093-B401-B7FF11B8726C}.Release|x86.Build.0 = Release|Win32
		{CCDB4D6E-7511-4EF0-838D-575CF19F6B69}.Debug|Any CPU.ActiveCfg = Debug|x64
		{CCDB4D6E-7511-4EF0-838D-575CF19F6B69}.Debug|Any CPU.Build.0 = Debug|x64
		{CCDB4D6E-7511-4EF0-838D-575CF19F6B69}.Debug|x64.ActiveCfg = Debug|x64
		{CCDB4D6E-7511-4EF0-838D-575CF19F6B69}.Debug|x64.Build.0 = Debug|x64
		{CCDB4D6E-7511-4EF0-838D-575CF19F6B69}.Debug|x86.ActiveCfg = Debug|Win32
		{CCDB4D6E-7511-4EF0-838D-575CF19F6B69}.Debug|x86.Build.0 = Debug|Win32
		{CCDB4D6E-7511-4EF0-838D-575CF19F6B69}.Release|Any CPU.ActiveCfg = Release|x64
		{CCDB4D6E-7511-4EF0-838D-575CF19F6B69}.Release|Any CPU.Build.0 = Release|x64
		{CCDB4D6E-7511-4EF0-838D-575CF19F6B69}.Release|x64.ActiveCfg = Release|x64
		{CCDB4D6E-7511-4EF0-838D-575CF19F6B69}.Release|x64.Build.0 = Release|x64
		{CCDB4D6E-7511-4EF0-838D-575CF19F6B69}.Release|x86.ActiveCfg = Release|Win32
		{CCDB4D6E-7511-4EF0-838D-575CF19F6B69}.Release|x86.Build.0 = Release|Win32
		{5B686674-0473-42A7-A7FD-07AFEDD54C6E}.Debug|Any CPU.ActiveCfg = Debug|x64
		{5B686674-0473-42A7-A7FD-07AFEDD54C6E}.Debug|Any CPU.Build.0 = Debug|x64
		{5B686674-0473-42A7-A7FD-07AFEDD54C6E}.Debug|x64.ActiveCfg = Debug|x64
		{5B686674-0473-42A7-A7FD-07AFEDD54C6E}.Debug|x64.Build.0 = Debug|x64
		{5B686674-0473-42A7-A7FD-07AFEDD54C6E}.Debug|x86.ActiveCfg = Debug|Win32
		{5B686674-0473-42A7-A7FD-07AFEDD54C6E}.Debug|x86.Build.0 = Debug|Win32
		{5B686674-0473-42A7-A7FD-07AFEDD54C6E}.Release|Any CPU.ActiveCfg = Release|x64
		{5B686674-0473-42A7-A7FD-07AFEDD54C6E}.Release|Any CPU.Build.0 = Release|x64
		{5B686674-0473-42A7-A7FD-07AFEDD54C6E}.Release|x64.ActiveCfg = Release|x64
		{5B686674-0473-42A7-A7FD-07AFEDD54C6E}.Release|x64.Build.0 = Release|x64
		{5B686674-0473-42A7-A7FD-07AFEDD54C6E}.Release|x86.ActiveCfg = Release|Win32
		{5B686674-0473-42A7-A7FD-07AFEDD54C6E}.Release|x86.Build.0 = Release|Win32
		{9B59B1D5-C16B-4DF7-9CF1-B1D3CB1EE702}.Debug|Any CPU.ActiveCfg = Debug|x64
		{9B59B1D5-C16B-4DF7-9CF1-B1D3CB1EE702}.Debug|Any CPU.Build.0 = Debug|x64
		{9B59B1D5-C16B-4DF7-9CF1-B1D3CB1EE702}.Debug|x64.ActiveCfg = Debug|x64
		{9B59B1D5-C16B-4DF7-9CF1-B1D3CB1EE702}.Debug|x64.Build.0 = Debug|x64
		{9B59B1D5-C16B-4DF7-9CF1-B1D3CB1EE702}.Debug|x86.ActiveCfg = Debug|Win32
		{9B59B1D5-C16B-4DF7-9CF1-B1D3CB1EE702}.Debug|x86.Build.0 = Debug|Win32
		{9B59B1D5-C16B-4DF7-9CF1-B1D3CB1EE702}.Release|Any CPU.ActiveCfg = Release|x64
		{9B59B1D5-C16B-4DF7-9CF1-B1D3CB1EE702}.Release|Any CPU.Build.0 = Release|x64
		{9B59B1D5-C16B-4DF7-9CF1-B1D3CB1EE702}.Release|x64.ActiveCfg = Release|x64
		{9B59B1D5-C16B-4DF7-9CF1-B1D3CB1EE702}.Release|x64.Build.0 = Release|x64
		{9B59B1D5-C16B-4DF7-9CF1-B1D3CB1EE702}.Release|x86.ActiveCfg = Release|Win32
		{9B59B1D5-C16B-4DF7-9CF1-B1D3CB1EE702}.Release|x86.Build.0 = Release|Win32
		{5BAF14CF-A987-4EB6-A062-6695EDF0D288}.Debug|Any CPU.ActiveCfg = Debug|x64
		{5BAF14CF-A987-4EB6-A062-6695EDF0D288}.Debug|Any CPU.Build.0 = Debug|x64
		{5BAF14CF-A987-4EB6-A062-6695EDF0D288}.Debug|x64.ActiveCfg = Debug|x64
		{5BAF14CF-A987-4EB6-A062-6695EDF0D288}.Debug|x64.Build.0 = Debug|x64
		{5BAF14CF-A987-4EB6-A062-6695EDF0D288}.Debug|x86.ActiveCfg = Debug|Win32
		{5BAF14CF-A987-4EB6-A062-6695EDF0D288}.Debug|x86.Build.0 = Debug|Win32
		{5BAF14CF-A987-4EB6-A062-6695EDF0D288}.Release|Any CPU.ActiveCfg = Release|x64
		{5BAF14CF-A987-4EB6-A062-6695EDF0D288}.Release|Any CPU.Build.0 = Release|x64
		{5BAF14CF-A987-4EB6-A062-6695EDF0D288}.Release|x64.ActiveCfg = Release|x64
		{5BAF14CF-A987-4EB6-A062-6695EDF0D288}.Release|x64.Build.0 = Release|x64
		{5BAF14CF-A987-4EB6-A062-6695EDF0D288}.Release|x86.ActiveCfg = Release|Win32
		{5BAF14CF-A987-4EB6-A062-6695EDF0D288}.Release|x86.Build.0 = Release|Win32
		{01A5D220-DB84-411C-B94E-6DD9E2BD5E0B}.Debug|Any CPU.ActiveCfg = Debug|x64
		{01A5D220-DB84-411C-B94E-6DD9E2BD5E0B}.Debug|Any CPU.Build.0 = Debug|x64
		{01A5D220-DB84-411C-B94E-6DD9E2BD5E0B}.Debug|x64.ActiveCfg = Debug|x64
		{01A5D220-DB84-411C-B94E-6DD9E2BD5E0B}.Debug|x64.Build.0 = Debug|x64
		{01A5D220-DB84-411C-B94E-6DD9E2BD5E0B}.Debug|x86.ActiveCfg = Debug|Win32
		{01A5D220-DB84-411C-B94E-6DD9E2BD5E0B}.Debug|x86.Build.0 = Debug|Win32
		{01A5D220-DB84-411C-B94E-6DD9E2BD5E0B}.Release|Any CPU.ActiveCfg = Release|x64
		{01A5D220-DB84-411C-B94E-6DD9E2BD5E0B}.Release|Any CPU.Build.0 = Release|x64
		{01A5D220-DB84-411C-B94E-6DD9E2BD5E0B}.Release|x64.ActiveCfg = Release|x64
		{01A5D220-DB84-411C-B94E-6DD9E2BD5E0B}.Release|x64.Build.0 = Release|x64
		{01A5D220-DB84-411C-B94E-6DD9E2BD5E0B}.Release|x86.ActiveCfg = Release|Win32
		{01A5D220-DB84-411C-B94E-6DD9E2BD5E0B}.Release|x86.Build.0 = Release|Win32
		{A0119B75-F858-4467-A114-DE58D60A8609}.Debug|Any CPU.ActiveCfg = Debug|x64
		{A0119B75-F858-4467-A114-DE58D60A8609}.Debug|Any CPU.Build.0 = Debug|x64
		{A0119B75-F858-4467-A114-DE58D60A8609}.Debug|x64.ActiveCfg = Debug|x64
		{A0119B75-F858-4467-A114-DE58D60A8609}.Debug|x64.Build.0 = Debug|x64
		{A0119B75-F858-4467-A114-DE58D60A8609}.Debug|x86.ActiveCfg = Debug|Win32
		{A0119B75-F858-4467-A114-DE58D60A8609}.Debug|x86.Build.0 = Debug|Win32
		{A0119B75-F858-4467-A114-DE58D60A8609}.Release|Any CPU.ActiveCfg = Release|x64
		{A0119B75-F858-4467-A114-DE58D60A8609}.Release|Any CPU.Build.0 = Release|x64
		{A0119B75-F858-4467-A114-DE58D60A8609}.Release|x64.ActiveCfg = Release|x64
		{A0119B75-F858-4467-A114-DE58D60A8609}.Release|x64.Build.0 = Release|x64
		{A0119B75-F858-4467-A114-DE58D60A8609}.Release|x86.ActiveCfg = Release|Win32
		{A0119B75-F858-4467-A114-DE58D60A8609}.Release|x86.Build.0 = Release|Win32
		{B09CCF67-A09A-40A5-BB28-55766106FDE6}.Debug|Any CPU.ActiveCfg = Debug|x64
		{B09CCF67-A09A-40A5-BB28-55766106FDE6}.Debug|Any CPU.Build.0 = Debug|x64
		{B09CCF67-A09A-40A5-BB28-55766106FDE6}.Debug|x64.ActiveCfg = Debug|x64
		{B09CCF67-A09A-40A5-BB28-55766106FDE6}.Debug|x64.Build.0 = Debug|x64
		{B09CCF67-A09A-40A5-BB28-55766106FDE6}.Debug|x86.ActiveCfg = Debug|Win32
		{B09CCF67-A09A-40A5-BB28-55766106FDE6}.Debug|x86.Build.0 = Debug|Win32
		{B09CCF67-A09A-40A5-BB28-55766106FDE6}.Release|Any CPU.ActiveCfg = Release|x64
		{B09CCF67-A09A-40A5-BB28-55766106FDE6}.Release|Any CPU.Build.0 = Release|x64
		{B09CCF67-A09A-40A5-BB28-55766106FDE6}.Release|x64.ActiveCfg = Release|x64
		{B09CCF67-A09A-40A5-BB28-55766106FDE6}.Release|x64.Build.0 = Release|x64
		{B09CCF67-A09A-40A5-BB28-55766106FDE6}.Release|x86.ActiveCfg = Release|Win32
		{B09CCF67-A09A-40A5-BB28-55766106FDE6}.Release|x86.Build.0 = Release|Win32
		{9A0C65E8-11D4-4F80-BF11-DEFA6A40B140}.Debug|Any CPU.ActiveCfg = Debug|x64
		{9A0C65E8-11D4-4F80-BF11-DEFA6A40B140}.Debug|Any CPU.Build.0 = Debug|x64
		{9A0C65E8-11D4-4F80-BF11-DEFA6A40B140}.Debug|x64.ActiveCfg = Debug|x64
		{9A0C65E8-11D4-4F80-BF11-DEFA6A40B140}.Debug|x64.Build.0 = Debug|x64
		{9A0C65E8-11D4-4F80-BF11-DEFA6A40B140}.Debug|x86.ActiveCfg = Debug|Win32
		{9A0C65E8-11D4-4F80-BF11-DEFA6A40B140}.Debug|x86.Build.0 = Debug|Win32
		{9A0C65E8-11D4-4F80-BF11-DEFA6A40B140}.Release|Any CPU.ActiveCfg = Release|x64
		{9A0C65E8-11D4-4F80-BF11-DEFA6A40B140}.Release|Any CPU.Build.0 = Release|x64
		{9A0C65E8-11D4-4F80-BF11-DEFA6A40B140}.Release|x64.ActiveCfg = Release|x64
		{9A0C65E8-11D4-4F80-BF11-DEFA6A40B140}.Release|x64.Build.0 = Release|x64
		{9A0C65E8-11D4-4F80-BF11-DEFA6A40B140}.Release|x86.ActiveCfg = Release|Win32
		{9A0C65E8-11D4-4F80-BF11-DEFA6A40B140}.Release|x86.Build.0 = Release|Win32
		{67FE67B8-E990-4F02-B338-C5037AA006DE}.Debug|Any CPU.ActiveCfg = Debug|x64
		{67FE67B8-E990-4F02-B338-C5037AA006DE}.Debug|Any CPU.Build.0 = Debug|x64
		{67FE67B8-E990-4F02-B338-C5037AA006DE}.Debug|x64.ActiveCfg = Debug|x64
		{67FE67B8-E990-4F02-B338-C5037AA006DE}.Debug|x64.Build.0 = Debug|x64
		{67FE67B8-E990-4F02-B338-C5037AA006DE}.Debug|x86.ActiveCfg = Debug|Win32
		{67FE67B8-E990-4F02-B338-C5037AA006DE}.Debug|x86.Build.0 = Debug|Win32
		{67FE67B8-E990-4F02-B338-C5037AA006DE}.Release|Any CPU.ActiveCfg = Release|x64
		{67FE67B8-E990-4F02-B338-C5037AA006DE}.Release|Any CPU.Build.0 = Release|x64
		{67FE67B8-E990-4F02-B338-C5037AA006DE}.Release|x64.ActiveCfg = Release|x64
		{67FE67B8-E990-4F02-B338-C5037AA006DE}.Release|x64.Build.0 = Release|x64
		{67FE67B8-E990-4F02-B338-C5037AA006DE}.Release|x86.ActiveCfg = Release|Win32
		{67FE67B8-E990-4F02-B338-C5037AA006DE}.Release|x86.Build.0 = Release|Win32
		{8BCF793C-071A-432D-B9CE-83891F3E0B37}.Debug|Any CPU.ActiveCfg = Debug|x64
		{8BCF793C-071A-432D-B9CE-83891F3E0B37}.Debug|Any CPU.Build.0 = Debug|x64
		{8BCF793C-071A-432D-B9CE-83891F3E0B37}.Debug|x64.ActiveCfg = Debug|x64
		{8BCF793C-071A-432D-B9CE-83891F3E0B37}.Debug|x64.Build.0 = Debug|x64
		{8BCF793C-071A-432D-B9CE-83891F3E0B37}.Debug|x86.ActiveCfg = Debug|Win32
		{8BCF793C-071A-432D-B9CE-83891F3E0B37}.Debug|x86.Build.0 = Debug|Win32
		{8BCF793C-071A-432D-B9CE-83891F3E0B37}.Release|Any CPU.ActiveCfg = Release|x64
		{8BCF793C-071A-432D-B9CE-83891F3E0B37}.Release|Any CPU.Build.0 = Release|x64
		{8BCF793C-071A-432D-B9CE-83891F3E0B37}.Release|x64.ActiveCfg = Release|x64
		{8BCF793C-071A-432D-B9CE-83891F3E0B37}.Release|x64.Build.0 = Release|x64
		{8BCF793C-071A-432D-B9CE-83891F3E0B37}.Release|x86.ActiveCfg = Release|Win32
		{8BCF793C-071A-432D-B9CE-83891F3E0B37}.Release|x86.Build.0 = Release|Win32
		{11A19BCE-D7AC-4BF8-BA0B-8DEFBC1902EB}.Debug|Any CPU.ActiveCfg = Debug|x64
		{11A19BCE-D7AC-4BF8-BA0B-8DEFBC1902EB}.Debug|Any CPU.Build.0 = Debug|x64
		{11A19BCE-D7AC-4BF8-BA0B-8DEFBC1902EB}.Debug|x64.ActiveCfg = Debug|x64
		{11A19BCE-D7AC-4BF8-BA0B-8DEFBC1902EB}.Debug|x64.Build.0 = Debug|x64
		{11A19BCE-D7AC-4BF8-BA0B-8DEFBC1902EB}.Debug|x86.ActiveCfg = Debug|Win32
		{11A19BCE-D7AC-4BF8-BA0B-8DEFBC1902EB}.Debug|x86.Build.0 = Debug|Win32
		{11A19BCE-D7AC-4BF8-BA0B-8DEFBC1902EB}.Release|Any CPU.ActiveCfg = Release|x64
		{11A19BCE-D7AC-4BF8-BA0B-8DEFBC1902EB}.Release|Any CPU.Build.0 = Release|x64
		{11A19BCE-D7AC-4BF8-BA0B-8DEFBC1902EB}.Release|x64.ActiveCfg = Release|x64
		{11A19BCE-D7AC-4BF8-BA0B-8DEFBC1902EB}.Release|x64.Build.0 = Release|x64
		{11A19BCE-D7AC-4BF8-BA0B-8DEFBC1902EB}.Release|x86.ActiveCfg = Release|Win32
		{11A19BCE-D7AC-4BF8-BA0B-8DEFBC1902EB}.Release|x86.Build.0 = Release|Win32
		{B2B3F5EA-3C85-45C1-B7CC-15E4F28029E1}.Debug|Any CPU.ActiveCfg = Debug|x64
		{B2B3F5EA-3C85-45C1-B7CC-15E4F28029E1}.Debug|Any CPU.Build.0 = Debug|x64
		{B2B3F5EA-3C85-45C1-B7CC-15E4F28029E1}.Debug|x64.ActiveCfg = Debug|x64
		{B2B3F5EA-3C85-45C1-B7CC-15E4F28029E1}.Debug|x64.Build.0 = Debug|x64
		{B2B3F5EA-3C85-45C1-B7CC-15E4F28029E1}.Debug|x86.ActiveCfg = Debug|Win32
		{B2B3F5EA-3C85-45C1-B7CC-15E4F28029E1}.Debug|x86.Build.0 = Debug|Win32
		{B2B3F5EA-3C85-45C1-B7CC-15E4F28029E1}.Release|Any CPU.ActiveCfg = Release|x64
		{B2B3F5EA-3C85-45C1-B7CC-15E4F28029E1}.Release|Any CPU.Build.0 = Release|x64
		{B2B3F5EA-3C85-45C1-B7CC-15E4F28029E1}.Release|x64.ActiveCfg = Release|x64
		{B2B3F5EA-3C85-45C1-B7CC-15E4F28029E1}.Release|x64.Build.0 = Release|x64
		{B2B3F5EA-3C85-45C1-B7CC-15E4F28029E1}.Release|x86.ActiveCfg = Release|Win32
		{B2B3F5EA-3C85-45C1-B7CC-15E4F28029E1}.Release|x86.Build.0 = Release|Win32
		{4F75B370-CAC7-4950-9C9E-82185C89A39D}.Debug|Any CPU.ActiveCfg = Debug|x64
		{4F75B370-CAC7-4950-9C9E-82185C89A39D}.Debug|Any CPU.Build.0 = Debug|x64
		{4F75B370-CAC7-4950-9C9E-82185C89A39D}.Debug|x64.ActiveCfg = Debug|x64
		{4F75B370-CAC7-4950-9C9E-82185C89A39D}.Debug|x64.Build.0 = Debug|x64
		{4F75B370-CAC7-4950-9C9E-82185C89A39D}.Debug|x86.ActiveCfg = Debug|Win32
		{4F75B370-CAC7-4950-9C9E-82185C89A39D}.Debug|x86.Build.0 = Debug|Win32
		{4F75B370-CAC7-4950-9C9E-82185C89A39D}.Release|Any CPU.ActiveCfg = Release|x64
		{4F75B370-CAC7-4950-9C9E-82185C89A39D}.Release|Any CPU.Build.0 = Release|x64
		{4F75B370-CAC7-4950-9C9E-82185C89A39D}.Release|x64.ActiveCfg = Release|x64
		{4F75B370-CAC7-4950-9C9E-82185C89A39D}.Release|x64.Build.0 = Release|x64
		{4F75B370-CAC7-4950-9C9E-82185C89A39D}.Release|x86.ActiveCfg = Release|Win32
		{4F75B370-CAC7-4950-9C9E-82185C89A39D}.Release|x86.Build.0 = Release|Win32
		{F6E0AE43-E3E1-4C94-905C-D8415ABC30D9}.Debug|Any CPU.ActiveCfg = Debug|x64
		{F6E0AE43-E3E1-4C94-905C-D8415ABC30D9}.Debug|Any CPU.Build.0 = Debug|x64
		{F6E0AE43-E3E1-4C94-905C-D8415ABC30D9}.Debug|x64.ActiveCfg = Debug|x64
		{F6E0AE43-E3E1-4C94-905C-D8415ABC30D9}.Debug|x64.Build.0 = Debug|x64
		{F6E0AE43-E3E1-4C94-905C-D8415ABC30D9}.Debug|x86.ActiveCfg = Debug|Win32
		{F6E0AE43-E3E1-4C94-905C-D8415ABC30D9}.Debug|x86.Build.0 = Debug|Win32
		{F6E0AE43-E3E1-4C94-905C-D8415ABC30D9}.Release|Any CPU.ActiveCfg = Release|x64
		{F6E0AE43-E3E1-4C94-905C-D8415ABC30D9}.Release|Any CPU.Build.0 = Release|x64
		{F6E0AE43-E3E1-4C94-905C-D8415ABC30D9}.Release|x64.ActiveCfg = Release|x64
		{F6E0AE43-E3E1-4C94-905C-D8415ABC30D9}.Release|x64.Build.0 = Release|x64
		{F6E0AE43-E3E1-4C94-905C-D8415ABC30D9}.Release|x86.ActiveCfg = Release|Win32
		{F6E0AE43-E3E1-4C94-905C-D8415ABC30D9}.Release|x86.Build.0 = Release|Win32
		{65307AEC-C262-481E-873D-0CDFD9758182}.Debug|Any CPU.ActiveCfg = Debug|x64
		{65307AEC-C262-481E-873D-0CDFD9758182}.Debug|Any CPU.Build.0 = Debug|x64
		{65307AEC-C262-481E-873D-0CDFD9758182}.Debug|x64.ActiveCfg = Debug|x64
		{65307AEC-C262-481E-873D-0CDFD9758182}.Debug|x64.Build.0 = Debug|x64
		{65307AEC-C262-481E-873D-0CDFD9758182}.Debug|x86.ActiveCfg = Debug|Win32
		{65307AEC-C262-481E-873D-0CDFD9758182}.Debug|x86.Build.0 = Debug|Win32
		{65307AEC-C262-481E-873D-0CDFD9758182}.Release|Any CPU.ActiveCfg = Release|x64
		{65307AEC-C262-481E-873D-0CDFD9758182}.Release|Any CPU.Build.0 = Release|x64
		{65307AEC-C262-481E-873D-0CDFD9758182}.Release|x64.ActiveCfg = Release|x64
		{65307AEC-C262-481E-873D-0CDFD9758182}.Release|x64.Build.0 = Release|x64
		{65307AEC-C262-481E-873D-0CDFD9758182}.Release|x86.ActiveCfg = Release|Win32
		{65307AEC-C262-481E-873D-0CDFD9758182}.Release|x86.Build.0 = Release|Win32
		{8E9AC0AC-232A-44D6-860E-7EC864D1F43F}.Debug|Any CPU.ActiveCfg = Debug|x64
		{8E9AC0AC-232A-44D6-860E-7EC864D1F43F}.Debug|Any CPU.Build.0 = Debug|x64
		{8E9AC0AC-232A-44D6-860E-7EC864D1F43F}.Debug|x64.ActiveCfg = Debug|x64
		{8E9AC0AC-232A-44D6-860E-7EC864D1F43F}.Debug|x64.Build.0 = Debug|x64
		{8E9AC0AC-232A-44D6-860E-7EC864D1F43F}.Debug|x86.ActiveCfg = Debug|Win32
		{8E9AC0AC-232A-44D6-860E-7EC864D1F43F}.Debug|x86.Build.0 = Debug|Win32
		{8E9AC0AC-232A-44D6-860E-7EC864D1F43F}.Release|Any CPU.ActiveCfg = Release|x64
		{8E9AC0AC-232A-44D6-860E-7EC864D1F43F}.Release|Any CPU.Build.0 = Release|x64
		{8E9AC0AC-232A-44D6-860E-7EC864D1F43F}.Release|x64.ActiveCfg = Release|x64
		{8E9AC0AC-232A-44D6-860E-7EC864D1F43F}.Release|x64.Build.0 = Release|x64
		{8E9AC0AC-232A-44D6-860E-7EC864D1F43F}.Release|x86.ActiveCfg = Release|Win32
		{8E9AC0AC-232A-44D6-860E-7EC864D1F43F}.Release|x86.Build.0 = Release|Win32
		{5F7A7D8C-6A32-4E2F-BB20-CCF4B48D0F3F}.Debug|Any CPU.ActiveCfg = Debug|x64
		{5F7A7D8C-6A32-4E2F-BB20-CCF4B48D0F3F}.Debug|Any CPU.Build.0 = Debug|x64
		{5F7A7D8C-6A32-4E2F-BB20-CCF4B48D0F3F}.Debug|x64.ActiveCfg = Debug|x64
		{5F7A7D8C-6A32-4E2F-BB20-CCF4B48D0F3F}.Debug|x64.Build.0 = Debug|x64
		{5F7A7D8C-6A32-4E2F-BB20-CCF4B48D0F3F}.Debug|x86.ActiveCfg = Debug|Win32
		{5F7A7D8C-6A32-4E2F-BB20-CCF4B48D0F3F}.Debug|x86.Build.0 = Debug|Win32
		{5F7A7D8C-6A32-4E2F-BB20-CCF4B48D0F3F}.Release|Any CPU.ActiveCfg = Release|x64
		{5F7A7D8C-6A32-4E2F-BB20-CCF4B48D0F3F}.Release|Any CPU.Build.0 = Release|x64
		{5F7A7D8C-6A32-4E2F-BB20-CCF4B48D0F3F}.Release|x64.ActiveCfg = Release|x64
		{5F7A7D8C-6A32-4E2F-BB20-CCF4B48D0F3F}.Release|x64.Build.0 = Release|x64
		{5F7A7D8C-6A32-4E2F-BB20-CCF4B48D0F3F}.Release|x86.ActiveCfg = Release|Win32
		{5F7A7D8C-6A32-4E2F-BB20-CCF4B48D0F3F}.Release|x86.Build.0 = Release|Win32
		{FB4362E1-FBF7-4CF8-9958-0AE8E565D1D4}.Debug|Any CPU.ActiveCfg = Debug|x64
		{FB4362E1-FBF7-4CF8-9958-0AE8E565D1D4}.Debug|Any CPU.Build.0 = Debug|x64
		{FB4362E1-FBF7-4CF8-9958-0AE8E565D1D4}.Debug|x64.ActiveCfg = Debug|x64
		{FB4362E1-FBF7-4CF8-9958-0AE8E565D1D4}.Debug|x64.Build.0 = Debug|x64
		{FB4362E1-FBF7-4CF8-9958-0AE8E565D1D4}.Debug|x86.ActiveCfg = Debug|Win32
		{FB4362E1-FBF7-4CF8-9958-0AE8E565D1D4}.Debug|x86.Build.0 = Debug|Win32
		{FB4362E1-FBF7-4CF8-9958-0AE8E565D1D4}.Release|Any CPU.ActiveCfg = Release|x64
		{FB4362E1-FBF7-4CF8-9958-0AE8E565D1D4}.Release|Any CPU.Build.0 = Release|x64
		{FB4362E1-FBF7-4CF8-9958-0AE8E565D1D4}.Release|x64.ActiveCfg = Release|x64
		{FB4362E1-FBF7-4CF8-9958-0AE8E565D1D4}.Release|x64.Build.0 = Release|x64
		{FB4362E1-FBF7-4CF8-9958-0AE8E565D1D4}.Release|x86.ActiveCfg = Release|Win32
		{FB4362E1-FBF7-4CF8-9958-0AE8E565D1D4}.Release|x86.Build.0 = Release|Win32
		{84761AAC-24B1-410D-8C2E-BA6753D76F1F}.Debug|Any CPU.ActiveCfg = Debug|x64
		{84761AAC-24B1-410D-8C2E-BA6753D76F1F}.Debug|Any CPU.Build.0 = Debug|x64
		{84761AAC-24B1-410D-8C2E-BA6753D76F1F}.Debug|x64.ActiveCfg = Debug|x64
		{84761AAC-24B1-410D-8C2E-BA6753D76F1F}.Debug|x64.Build.0 = Debug|x64
		{84761AAC-24B1-410D-8C2E-BA6753D76F1F}.Debug|x86.ActiveCfg = Debug|Win32
		{84761AAC-24B1-410D-8C2E-BA6753D76F1F}.Debug|x86.Build.0 = Debug|Win32
		{84761AAC-24B1-410D-8C2E-BA6753D76F1F}.Release|Any CPU.ActiveCfg = Release|x64
		{84761AAC-24B1-410D-8C2E-BA6753D76F1F}.Release|Any CPU.Build.0 = Release|x64
		{84761AAC-24B1-410D-8C2E-BA6753D76F1F}.Release|x64.ActiveCfg = Release|x64
		{84761AAC-24B1-410D-8C2E-BA6753D76F1F}.Release|x64.Build.0 = Release|x64
		{84761AAC-24B1-410D-8C2E-BA6753D76F1F}.Release|x86.ActiveCfg = Release|Win32
		{84761AAC-24B1-410D-8C2E-BA6753D76F1F}.Release|x86.Build.0 = Release|Win32
		{C7F4E8E3-3D73-4C14-A209-AC2AC3A6FFB1}.Debug|Any CPU.ActiveCfg = Debug|x64
		{C7F4E8E3-3D73-4C14-A209-AC2AC3A6FFB1}.Debug|Any CPU.Build.0 = Debug|x64
		{C7F4E8E3-3D73-4C14-A209-AC2AC3A6FFB1}.Debug|x64.ActiveCfg = Debug|x64
		{C7F4E8E3-3D73-4C14-A209-AC2AC3A6FFB1}.Debug|x64.Build.0 = Debug|x64
		{C7F4E8E3-3D73-4C14-A209-AC2AC3A6FFB1}.Debug|x86.ActiveCfg = Debug|Win32
		{C7F4E8E3-3D73-4C14-A209-AC2AC3A6FFB1}.Debug|x86.Build.0 = Debug|Win32
		{C7F4E8E3-3D73-4C14-A209-AC2AC3A6FFB1}.Release|Any CPU.ActiveCfg = Release|x64
		{C7F4E8E3-3D73-4C14-A209-AC2AC3A6FFB1}.Release|Any CPU.Build.0 = Release|x64
		{C7F4E8E3-3D73-4C14-A209-AC2AC3A6FFB1}.Release|x64.ActiveCfg = Release|x64
		{C7F4E8E3-3D73-4C14-A209-AC2AC3A6FFB1}.Release|x64.Build.0 = Release|x64
		{C7F4E8E3-3D73-4C14-A209-AC2AC3A6FFB1}.Release|x86.ActiveCfg = Release|Win32
		{C7F4E8E3-3D73-4C14-A209-AC2AC3A6FFB1}.Release|x86.Build.0 = Release|Win32
		{9755F3B6-4A9C-4A77-A705-0C042F2B41BD}.Debug|Any CPU.ActiveCfg = Debug|Any CPU
		{9755F3B6-4A9C-4A77-A705-0C042F2B41BD}.Debug|Any CPU.Build.0 = Debug|Any CPU
		{9755F3B6-4A9C-4A77-A705-0C042F2B41BD}.Debug|x64.ActiveCfg = Debug|Any CPU
		{9755F3B6-4A9C-4A77-A705-0C042F2B41BD}.Debug|x64.Build.0 = Debug|Any CPU
		{9755F3B6-4A9C-4A77-A705-0C042F2B41BD}.Debug|x86.ActiveCfg = Debug|Any CPU
		{9755F3B6-4A9C-4A77-A705-0C042F2B41BD}.Debug|x86.Build.0 = Debug|Any CPU
		{9755F3B6-4A9C-4A77-A705-0C042F2B41BD}.Release|Any CPU.ActiveCfg = Release|Any CPU
		{9755F3B6-4A9C-4A77-A705-0C042F2B41BD}.Release|Any CPU.Build.0 = Release|Any CPU
		{9755F3B6-4A9C-4A77-A705-0C042F2B41BD}.Release|x64.ActiveCfg = Release|Any CPU
		{9755F3B6-4A9C-4A77-A705-0C042F2B41BD}.Release|x64.Build.0 = Release|Any CPU
		{9755F3B6-4A9C-4A77-A705-0C042F2B41BD}.Release|x86.ActiveCfg = Release|Any CPU
		{9755F3B6-4A9C-4A77-A705-0C042F2B41BD}.Release|x86.Build.0 = Release|Any CPU
		{7E92EA23-DE7B-4197-9373-5C0EDF446CD6}.Debug|Any CPU.ActiveCfg = Debug|x64
		{7E92EA23-DE7B-4197-9373-5C0EDF446CD6}.Debug|Any CPU.Build.0 = Debug|x64
		{7E92EA23-DE7B-4197-9373-5C0EDF446CD6}.Debug|x64.ActiveCfg = Debug|x64
		{7E92EA23-DE7B-4197-9373-5C0EDF446CD6}.Debug|x64.Build.0 = Debug|x64
		{7E92EA23-DE7B-4197-9373-5C0EDF446CD6}.Debug|x86.ActiveCfg = Debug|Win32
		{7E92EA23-DE7B-4197-9373-5C0EDF446CD6}.Debug|x86.Build.0 = Debug|Win32
		{7E92EA23-DE7B-4197-9373-5C0EDF446CD6}.Release|Any CPU.ActiveCfg = Release|x64
		{7E92EA23-DE7B-4197-9373-5C0EDF446CD6}.Release|Any CPU.Build.0 = Release|x64
		{7E92EA23-DE7B-4197-9373-5C0EDF446CD6}.Release|x64.ActiveCfg = Release|x64
		{7E92EA23-DE7B-4197-9373-5C0EDF446CD6}.Release|x64.Build.0 = Release|x64
		{7E92EA23-DE7B-4197-9373-5C0EDF446CD6}.Release|x86.ActiveCfg = Release|Win32
		{7E92EA23-DE7B-4197-9373-5C0EDF446CD6}.Release|x86.Build.0 = Release|Win32
		{60ABDAD5-C23B-4A0E-87FA-FD07D26BA269}.Debug|Any CPU.ActiveCfg = Debug|x64
		{60ABDAD5-C23B-4A0E-87FA-FD07D26BA269}.Debug|Any CPU.Build.0 = Debug|x64
		{60ABDAD5-C23B-4A0E-87FA-FD07D26BA269}.Debug|x64.ActiveCfg = Debug|x64
		{60ABDAD5-C23B-4A0E-87FA-FD07D26BA269}.Debug|x64.Build.0 = Debug|x64
		{60ABDAD5-C23B-4A0E-87FA-FD07D26BA269}.Debug|x86.ActiveCfg = Debug|Win32
		{60ABDAD5-C23B-4A0E-87FA-FD07D26BA269}.Debug|x86.Build.0 = Debug|Win32
		{60ABDAD5-C23B-4A0E-87FA-FD07D26BA269}.Release|Any CPU.ActiveCfg = Release|x64
		{60ABDAD5-C23B-4A0E-87FA-FD07D26BA269}.Release|Any CPU.Build.0 = Release|x64
		{60ABDAD5-C23B-4A0E-87FA-FD07D26BA269}.Release|x64.ActiveCfg = Release|x64
		{60ABDAD5-C23B-4A0E-87FA-FD07D26BA269}.Release|x64.Build.0 = Release|x64
		{60ABDAD5-C23B-4A0E-87FA-FD07D26BA269}.Release|x86.ActiveCfg = Release|Win32
		{60ABDAD5-C23B-4A0E-87FA-FD07D26BA269}.Release|x86.Build.0 = Release|Win32
		{B22CEEBF-CB78-4BBF-9241-7A117016DFA7}.Debug|Any CPU.ActiveCfg = Debug|x64
		{B22CEEBF-CB78-4BBF-9241-7A117016DFA7}.Debug|Any CPU.Build.0 = Debug|x64
		{B22CEEBF-CB78-4BBF-9241-7A117016DFA7}.Debug|x64.ActiveCfg = Debug|x64
		{B22CEEBF-CB78-4BBF-9241-7A117016DFA7}.Debug|x64.Build.0 = Debug|x64
		{B22CEEBF-CB78-4BBF-9241-7A117016DFA7}.Debug|x86.ActiveCfg = Debug|Win32
		{B22CEEBF-CB78-4BBF-9241-7A117016DFA7}.Debug|x86.Build.0 = Debug|Win32
		{B22CEEBF-CB78-4BBF-9241-7A117016DFA7}.Release|Any CPU.ActiveCfg = Release|x64
		{B22CEEBF-CB78-4BBF-9241-7A117016DFA7}.Release|Any CPU.Build.0 = Release|x64
		{B22CEEBF-CB78-4BBF-9241-7A117016DFA7}.Release|x64.ActiveCfg = Release|x64
		{B22CEEBF-CB78-4BBF-9241-7A117016DFA7}.Release|x64.Build.0 = Release|x64
		{B22CEEBF-CB78-4BBF-9241-7A117016DFA7}.Release|x86.ActiveCfg = Release|Win32
		{B22CEEBF-CB78-4BBF-9241-7A117016DFA7}.Release|x86.Build.0 = Release|Win32
		{1001EF72-122C-4E6E-A75E-A780400AD290}.Debug|Any CPU.ActiveCfg = Debug|x64
		{1001EF72-122C-4E6E-A75E-A780400AD290}.Debug|Any CPU.Build.0 = Debug|x64
		{1001EF72-122C-4E6E-A75E-A780400AD290}.Debug|x64.ActiveCfg = Debug|x64
		{1001EF72-122C-4E6E-A75E-A780400AD290}.Debug|x64.Build.0 = Debug|x64
		{1001EF72-122C-4E6E-A75E-A780400AD290}.Debug|x86.ActiveCfg = Debug|Win32
		{1001EF72-122C-4E6E-A75E-A780400AD290}.Debug|x86.Build.0 = Debug|Win32
		{1001EF72-122C-4E6E-A75E-A780400AD290}.Release|Any CPU.ActiveCfg = Release|x64
		{1001EF72-122C-4E6E-A75E-A780400AD290}.Release|Any CPU.Build.0 = Release|x64
		{1001EF72-122C-4E6E-A75E-A780400AD290}.Release|x64.ActiveCfg = Release|x64
		{1001EF72-122C-4E6E-A75E-A780400AD290}.Release|x64.Build.0 = Release|x64
		{1001EF72-122C-4E6E-A75E-A780400AD290}.Release|x86.ActiveCfg = Release|Win32
		{1001EF72-122C-4E6E-A75E-A780400AD290}.Release|x86.Build.0 = Release|Win32
		{9272B595-B17B-466E-BD3F-C7B9FB271DD0}.Debug|Any CPU.ActiveCfg = Debug|x64
		{9272B595-B17B-466E-BD3F-C7B9FB271DD0}.Debug|Any CPU.Build.0 = Debug|x64
		{9272B595-B17B-466E-BD3F-C7B9FB271DD0}.Debug|x64.ActiveCfg = Debug|x64
		{9272B595-B17B-466E-BD3F-C7B9FB271DD0}.Debug|x64.Build.0 = Debug|x64
		{9272B595-B17B-466E-BD3F-C7B9FB271DD0}.Debug|x86.ActiveCfg = Debug|Win32
		{9272B595-B17B-466E-BD3F-C7B9FB271DD0}.Debug|x86.Build.0 = Debug|Win32
		{9272B595-B17B-466E-BD3F-C7B9FB271DD0}.Release|Any CPU.ActiveCfg = Release|x64
		{9272B595-B17B-466E-BD3F-C7B9FB271DD0}.Release|Any CPU.Build.0 = Release|x64
		{9272B595-B17B-466E-BD3F-C7B9FB271DD0}.Release|x64.ActiveCfg = Release|x64
		{9272B595-B17B-466E-BD3F-C7B9FB271DD0}.Release|x64.Build.0 = Release|x64
		{9272B595-B17B-466E-BD3F-C7B9FB271DD0}.Release|x86.ActiveCfg = Release|Win32
		{9272B595-B17B-466E-BD3F-C7B9FB271DD0}.Release|x86.Build.0 = Release|Win32
	EndGlobalSection
	GlobalSection(SolutionProperties) = preSolution
		HideSolutionNode = FALSE
	EndGlobalSection
	GlobalSection(ExtensibilityGlobals) = postSolution
		SolutionGuid = {BFCC9A54-6A30-4DB7-B82E-8742752D4F52}
	EndGlobalSection
EndGlobal
