
Microsoft Visual Studio Solution File, Format Version 12.00
# Visual Studio Version 17
VisualStudioVersion = 17.11.35208.52
MinimumVisualStudioVersion = 10.0.40219.1
Project("{8BC9CEB8-8B4A-11D0-8D11-00A0C91BC942}") = "MultiplyRandomGame", "MultiplyRandomGame\MultiplyRandomGame.vcxproj", "{189747CB-0EE1-477E-BB7D-BEADE93D4320}"
EndProject
Project("{8BC9CEB8-8B4A-11D0-8D11-00A0C91BC942}") = "DrawDiamond", "DrawDiamond\DrawDiamond.vcxproj", "{0CE17244-FE4E-4E9E-BBF0-2B2D6B749C30}"
EndProject
Project("{8BC9CEB8-8B4A-11D0-8D11-00A0C91BC942}") = "BubbleSort", "BubbleSort\BubbleSort.vcxproj", "{B0C470DB-1BC2-4700-810C-7AEB60A30A95}"
EndProject
Project("{8BC9CEB8-8B4A-11D0-8D11-00A0C91BC942}") = "SearchMaxMinInArray", "SearchMaxMinInArray\SearchMaxMinInArray.vcxproj", "{3D6ABB87-F183-4AC8-9FE3-922823BB2357}"
EndProject
Project("{8BC9CEB8-8B4A-11D0-8D11-00A0C91BC942}") = "SumElementsOfArray", "SumElementsOfArray\SumElementsOfArray.vcxproj", "{00F39A96-F6A0-4688-9365-4B5CD5C3A09C}"
EndProject
Project("{8BC9CEB8-8B4A-11D0-8D11-00A0C91BC942}") = "DoubleArrayPractice", "DoubleArrayPractice\DoubleArrayPractice.vcxproj", "{78F4B760-A82E-4D2E-A9E9-F12142CE0DA7}"
EndProject
Project("{8BC9CEB8-8B4A-11D0-8D11-00A0C91BC942}") = "TripleArrayTheoryFunc", "TripleArray\TripleArray.vcxproj", "{1CA848E8-6BC7-4218-98D2-47291992F468}"
EndProject
Project("{8BC9CEB8-8B4A-11D0-8D11-00A0C91BC942}") = "FunctionPractice", "FunctionPractice\FunctionPractice.vcxproj", "{32B6FCCF-8FB5-479D-9A90-9596FA76A459}"
EndProject
Project("{8BC9CEB8-8B4A-11D0-8D11-00A0C91BC942}") = "FunctionLecture", "FunctionLecture\FunctionLecture.vcxproj", "{807666B1-0695-4145-922E-629506358F1B}"
EndProject
Project("{8BC9CEB8-8B4A-11D0-8D11-00A0C91BC942}") = "PancakeSort", "PancakeSort\PancakeSort.vcxproj", "{11F4E9F2-BC54-422D-8FC4-DE05C88BDA61}"
EndProject
Project("{8BC9CEB8-8B4A-11D0-8D11-00A0C91BC942}") = "LinerSearch", "LinerSearch\LinerSearch.vcxproj", "{7843C037-F0B3-4D4D-AB4F-B4F0628946AE}"
EndProject
Project("{8BC9CEB8-8B4A-11D0-8D11-00A0C91BC942}") = "MergeSort", "MergeSort\MergeSort.vcxproj", "{34FA1538-B802-4733-BDAF-6156C779258D}"
EndProject
Project("{8BC9CEB8-8B4A-11D0-8D11-00A0C91BC942}") = "Pointers", "Pointers\Pointers.vcxproj", "{4AC882E3-A7CC-416B-B0C7-3E087DE43AB6}"
EndProject
Project("{8BC9CEB8-8B4A-11D0-8D11-00A0C91BC942}") = "QuickSort", "QuickSort\QuickSort.vcxproj", "{FD2E2D8F-8EA2-4740-AF97-A5A80C4C1686}"
EndProject
Project("{8BC9CEB8-8B4A-11D0-8D11-00A0C91BC942}") = "RecurtionFunc", "RecurtionFunc\RecurtionFunc.vcxproj", "{67BDA8E8-3DFB-4B0D-AF26-B1E0A32E6ECE}"
EndProject
Project("{8BC9CEB8-8B4A-11D0-8D11-00A0C91BC942}") = "References", "References\References.vcxproj", "{2EF57388-3E58-4B51-B0FD-2DB13BACA371}"
EndProject
Project("{8BC9CEB8-8B4A-11D0-8D11-00A0C91BC942}") = "W14_1_Pointers_Practice", "W14_1_Pointers_Practice\W14_1_Pointers_Practice.vcxproj", "{B6B9FE8A-7029-4093-B401-B7FF11B8726C}"
EndProject
Global
	GlobalSection(SolutionConfigurationPlatforms) = preSolution
		Debug|x64 = Debug|x64
		Debug|x86 = Debug|x86
		Release|x64 = Release|x64
		Release|x86 = Release|x86
	EndGlobalSection
	GlobalSection(ProjectConfigurationPlatforms) = postSolution
		{189747CB-0EE1-477E-BB7D-BEADE93D4320}.Debug|x64.ActiveCfg = Debug|x64
		{189747CB-0EE1-477E-BB7D-BEADE93D4320}.Debug|x64.Build.0 = Debug|x64
		{189747CB-0EE1-477E-BB7D-BEADE93D4320}.Debug|x86.ActiveCfg = Debug|Win32
		{189747CB-0EE1-477E-BB7D-BEADE93D4320}.Debug|x86.Build.0 = Debug|Win32
		{189747CB-0EE1-477E-BB7D-BEADE93D4320}.Release|x64.ActiveCfg = Release|x64
		{189747CB-0EE1-477E-BB7D-BEADE93D4320}.Release|x64.Build.0 = Release|x64
		{189747CB-0EE1-477E-BB7D-BEADE93D4320}.Release|x86.ActiveCfg = Release|Win32
		{189747CB-0EE1-477E-BB7D-BEADE93D4320}.Release|x86.Build.0 = Release|Win32
		{0CE17244-FE4E-4E9E-BBF0-2B2D6B749C30}.Debug|x64.ActiveCfg = Debug|x64
		{0CE17244-FE4E-4E9E-BBF0-2B2D6B749C30}.Debug|x64.Build.0 = Debug|x64
		{0CE17244-FE4E-4E9E-BBF0-2B2D6B749C30}.Debug|x86.ActiveCfg = Debug|Win32
		{0CE17244-FE4E-4E9E-BBF0-2B2D6B749C30}.Debug|x86.Build.0 = Debug|Win32
		{0CE17244-FE4E-4E9E-BBF0-2B2D6B749C30}.Release|x64.ActiveCfg = Release|x64
		{0CE17244-FE4E-4E9E-BBF0-2B2D6B749C30}.Release|x64.Build.0 = Release|x64
		{0CE17244-FE4E-4E9E-BBF0-2B2D6B749C30}.Release|x86.ActiveCfg = Release|Win32
		{0CE17244-FE4E-4E9E-BBF0-2B2D6B749C30}.Release|x86.Build.0 = Release|Win32
		{B0C470DB-1BC2-4700-810C-7AEB60A30A95}.Debug|x64.ActiveCfg = Debug|x64
		{B0C470DB-1BC2-4700-810C-7AEB60A30A95}.Debug|x64.Build.0 = Debug|x64
		{B0C470DB-1BC2-4700-810C-7AEB60A30A95}.Debug|x86.ActiveCfg = Debug|Win32
		{B0C470DB-1BC2-4700-810C-7AEB60A30A95}.Debug|x86.Build.0 = Debug|Win32
		{B0C470DB-1BC2-4700-810C-7AEB60A30A95}.Release|x64.ActiveCfg = Release|x64
		{B0C470DB-1BC2-4700-810C-7AEB60A30A95}.Release|x64.Build.0 = Release|x64
		{B0C470DB-1BC2-4700-810C-7AEB60A30A95}.Release|x86.ActiveCfg = Release|Win32
		{B0C470DB-1BC2-4700-810C-7AEB60A30A95}.Release|x86.Build.0 = Release|Win32
		{3D6ABB87-F183-4AC8-9FE3-922823BB2357}.Debug|x64.ActiveCfg = Debug|x64
		{3D6ABB87-F183-4AC8-9FE3-922823BB2357}.Debug|x64.Build.0 = Debug|x64
		{3D6ABB87-F183-4AC8-9FE3-922823BB2357}.Debug|x86.ActiveCfg = Debug|Win32
		{3D6ABB87-F183-4AC8-9FE3-922823BB2357}.Debug|x86.Build.0 = Debug|Win32
		{3D6ABB87-F183-4AC8-9FE3-922823BB2357}.Release|x64.ActiveCfg = Release|x64
		{3D6ABB87-F183-4AC8-9FE3-922823BB2357}.Release|x64.Build.0 = Release|x64
		{3D6ABB87-F183-4AC8-9FE3-922823BB2357}.Release|x86.ActiveCfg = Release|Win32
		{3D6ABB87-F183-4AC8-9FE3-922823BB2357}.Release|x86.Build.0 = Release|Win32
		{00F39A96-F6A0-4688-9365-4B5CD5C3A09C}.Debug|x64.ActiveCfg = Debug|x64
		{00F39A96-F6A0-4688-9365-4B5CD5C3A09C}.Debug|x64.Build.0 = Debug|x64
		{00F39A96-F6A0-4688-9365-4B5CD5C3A09C}.Debug|x86.ActiveCfg = Debug|Win32
		{00F39A96-F6A0-4688-9365-4B5CD5C3A09C}.Debug|x86.Build.0 = Debug|Win32
		{00F39A96-F6A0-4688-9365-4B5CD5C3A09C}.Release|x64.ActiveCfg = Release|x64
		{00F39A96-F6A0-4688-9365-4B5CD5C3A09C}.Release|x64.Build.0 = Release|x64
		{00F39A96-F6A0-4688-9365-4B5CD5C3A09C}.Release|x86.ActiveCfg = Release|Win32
		{00F39A96-F6A0-4688-9365-4B5CD5C3A09C}.Release|x86.Build.0 = Release|Win32
		{78F4B760-A82E-4D2E-A9E9-F12142CE0DA7}.Debug|x64.ActiveCfg = Debug|x64
		{78F4B760-A82E-4D2E-A9E9-F12142CE0DA7}.Debug|x64.Build.0 = Debug|x64
		{78F4B760-A82E-4D2E-A9E9-F12142CE0DA7}.Debug|x86.ActiveCfg = Debug|Win32
		{78F4B760-A82E-4D2E-A9E9-F12142CE0DA7}.Debug|x86.Build.0 = Debug|Win32
		{78F4B760-A82E-4D2E-A9E9-F12142CE0DA7}.Release|x64.ActiveCfg = Release|x64
		{78F4B760-A82E-4D2E-A9E9-F12142CE0DA7}.Release|x64.Build.0 = Release|x64
		{78F4B760-A82E-4D2E-A9E9-F12142CE0DA7}.Release|x86.ActiveCfg = Release|Win32
		{78F4B760-A82E-4D2E-A9E9-F12142CE0DA7}.Release|x86.Build.0 = Release|Win32
		{1CA848E8-6BC7-4218-98D2-47291992F468}.Debug|x64.ActiveCfg = Debug|x64
		{1CA848E8-6BC7-4218-98D2-47291992F468}.Debug|x64.Build.0 = Debug|x64
		{1CA848E8-6BC7-4218-98D2-47291992F468}.Debug|x86.ActiveCfg = Debug|Win32
		{1CA848E8-6BC7-4218-98D2-47291992F468}.Debug|x86.Build.0 = Debug|Win32
		{1CA848E8-6BC7-4218-98D2-47291992F468}.Release|x64.ActiveCfg = Release|x64
		{1CA848E8-6BC7-4218-98D2-47291992F468}.Release|x64.Build.0 = Release|x64
		{1CA848E8-6BC7-4218-98D2-47291992F468}.Release|x86.ActiveCfg = Release|Win32
		{1CA848E8-6BC7-4218-98D2-47291992F468}.Release|x86.Build.0 = Release|Win32
		{32B6FCCF-8FB5-479D-9A90-9596FA76A459}.Debug|x64.ActiveCfg = Debug|x64
		{32B6FCCF-8FB5-479D-9A90-9596FA76A459}.Debug|x64.Build.0 = Debug|x64
		{32B6FCCF-8FB5-479D-9A90-9596FA76A459}.Debug|x86.ActiveCfg = Debug|Win32
		{32B6FCCF-8FB5-479D-9A90-9596FA76A459}.Debug|x86.Build.0 = Debug|Win32
		{32B6FCCF-8FB5-479D-9A90-9596FA76A459}.Release|x64.ActiveCfg = Release|x64
		{32B6FCCF-8FB5-479D-9A90-9596FA76A459}.Release|x64.Build.0 = Release|x64
		{32B6FCCF-8FB5-479D-9A90-9596FA76A459}.Release|x86.ActiveCfg = Release|Win32
		{32B6FCCF-8FB5-479D-9A90-9596FA76A459}.Release|x86.Build.0 = Release|Win32
		{807666B1-0695-4145-922E-629506358F1B}.Debug|x64.ActiveCfg = Debug|x64
		{807666B1-0695-4145-922E-629506358F1B}.Debug|x64.Build.0 = Debug|x64
		{807666B1-0695-4145-922E-629506358F1B}.Debug|x86.ActiveCfg = Debug|Win32
		{807666B1-0695-4145-922E-629506358F1B}.Debug|x86.Build.0 = Debug|Win32
		{807666B1-0695-4145-922E-629506358F1B}.Release|x64.ActiveCfg = Release|x64
		{807666B1-0695-4145-922E-629506358F1B}.Release|x64.Build.0 = Release|x64
		{807666B1-0695-4145-922E-629506358F1B}.Release|x86.ActiveCfg = Release|Win32
		{807666B1-0695-4145-922E-629506358F1B}.Release|x86.Build.0 = Release|Win32
		{11F4E9F2-BC54-422D-8FC4-DE05C88BDA61}.Debug|x64.ActiveCfg = Debug|x64
		{11F4E9F2-BC54-422D-8FC4-DE05C88BDA61}.Debug|x64.Build.0 = Debug|x64
		{11F4E9F2-BC54-422D-8FC4-DE05C88BDA61}.Debug|x86.ActiveCfg = Debug|Win32
		{11F4E9F2-BC54-422D-8FC4-DE05C88BDA61}.Debug|x86.Build.0 = Debug|Win32
		{11F4E9F2-BC54-422D-8FC4-DE05C88BDA61}.Release|x64.ActiveCfg = Release|x64
		{11F4E9F2-BC54-422D-8FC4-DE05C88BDA61}.Release|x64.Build.0 = Release|x64
		{11F4E9F2-BC54-422D-8FC4-DE05C88BDA61}.Release|x86.ActiveCfg = Release|Win32
		{11F4E9F2-BC54-422D-8FC4-DE05C88BDA61}.Release|x86.Build.0 = Release|Win32
		{7843C037-F0B3-4D4D-AB4F-B4F0628946AE}.Debug|x64.ActiveCfg = Debug|x64
		{7843C037-F0B3-4D4D-AB4F-B4F0628946AE}.Debug|x64.Build.0 = Debug|x64
		{7843C037-F0B3-4D4D-AB4F-B4F0628946AE}.Debug|x86.ActiveCfg = Debug|Win32
		{7843C037-F0B3-4D4D-AB4F-B4F0628946AE}.Debug|x86.Build.0 = Debug|Win32
		{7843C037-F0B3-4D4D-AB4F-B4F0628946AE}.Release|x64.ActiveCfg = Release|x64
		{7843C037-F0B3-4D4D-AB4F-B4F0628946AE}.Release|x64.Build.0 = Release|x64
		{7843C037-F0B3-4D4D-AB4F-B4F0628946AE}.Release|x86.ActiveCfg = Release|Win32
		{7843C037-F0B3-4D4D-AB4F-B4F0628946AE}.Release|x86.Build.0 = Release|Win32
		{34FA1538-B802-4733-BDAF-6156C779258D}.Debug|x64.ActiveCfg = Debug|x64
		{34FA1538-B802-4733-BDAF-6156C779258D}.Debug|x64.Build.0 = Debug|x64
		{34FA1538-B802-4733-BDAF-6156C779258D}.Debug|x86.ActiveCfg = Debug|Win32
		{34FA1538-B802-4733-BDAF-6156C779258D}.Debug|x86.Build.0 = Debug|Win32
		{34FA1538-B802-4733-BDAF-6156C779258D}.Release|x64.ActiveCfg = Release|x64
		{34FA1538-B802-4733-BDAF-6156C779258D}.Release|x64.Build.0 = Release|x64
		{34FA1538-B802-4733-BDAF-6156C779258D}.Release|x86.ActiveCfg = Release|Win32
		{34FA1538-B802-4733-BDAF-6156C779258D}.Release|x86.Build.0 = Release|Win32
		{4AC882E3-A7CC-416B-B0C7-3E087DE43AB6}.Debug|x64.ActiveCfg = Debug|x64
		{4AC882E3-A7CC-416B-B0C7-3E087DE43AB6}.Debug|x64.Build.0 = Debug|x64
		{4AC882E3-A7CC-416B-B0C7-3E087DE43AB6}.Debug|x86.ActiveCfg = Debug|Win32
		{4AC882E3-A7CC-416B-B0C7-3E087DE43AB6}.Debug|x86.Build.0 = Debug|Win32
		{4AC882E3-A7CC-416B-B0C7-3E087DE43AB6}.Release|x64.ActiveCfg = Release|x64
		{4AC882E3-A7CC-416B-B0C7-3E087DE43AB6}.Release|x64.Build.0 = Release|x64
		{4AC882E3-A7CC-416B-B0C7-3E087DE43AB6}.Release|x86.ActiveCfg = Release|Win32
		{4AC882E3-A7CC-416B-B0C7-3E087DE43AB6}.Release|x86.Build.0 = Release|Win32
		{FD2E2D8F-8EA2-4740-AF97-A5A80C4C1686}.Debug|x64.ActiveCfg = Debug|x64
		{FD2E2D8F-8EA2-4740-AF97-A5A80C4C1686}.Debug|x64.Build.0 = Debug|x64
		{FD2E2D8F-8EA2-4740-AF97-A5A80C4C1686}.Debug|x86.ActiveCfg = Debug|Win32
		{FD2E2D8F-8EA2-4740-AF97-A5A80C4C1686}.Debug|x86.Build.0 = Debug|Win32
		{FD2E2D8F-8EA2-4740-AF97-A5A80C4C1686}.Release|x64.ActiveCfg = Release|x64
		{FD2E2D8F-8EA2-4740-AF97-A5A80C4C1686}.Release|x64.Build.0 = Release|x64
		{FD2E2D8F-8EA2-4740-AF97-A5A80C4C1686}.Release|x86.ActiveCfg = Release|Win32
		{FD2E2D8F-8EA2-4740-AF97-A5A80C4C1686}.Release|x86.Build.0 = Release|Win32
		{67BDA8E8-3DFB-4B0D-AF26-B1E0A32E6ECE}.Debug|x64.ActiveCfg = Debug|x64
		{67BDA8E8-3DFB-4B0D-AF26-B1E0A32E6ECE}.Debug|x64.Build.0 = Debug|x64
		{67BDA8E8-3DFB-4B0D-AF26-B1E0A32E6ECE}.Debug|x86.ActiveCfg = Debug|Win32
		{67BDA8E8-3DFB-4B0D-AF26-B1E0A32E6ECE}.Debug|x86.Build.0 = Debug|Win32
		{67BDA8E8-3DFB-4B0D-AF26-B1E0A32E6ECE}.Release|x64.ActiveCfg = Release|x64
		{67BDA8E8-3DFB-4B0D-AF26-B1E0A32E6ECE}.Release|x64.Build.0 = Release|x64
		{67BDA8E8-3DFB-4B0D-AF26-B1E0A32E6ECE}.Release|x86.ActiveCfg = Release|Win32
		{67BDA8E8-3DFB-4B0D-AF26-B1E0A32E6ECE}.Release|x86.Build.0 = Release|Win32
		{2EF57388-3E58-4B51-B0FD-2DB13BACA371}.Debug|x64.ActiveCfg = Debug|x64
		{2EF57388-3E58-4B51-B0FD-2DB13BACA371}.Debug|x64.Build.0 = Debug|x64
		{2EF57388-3E58-4B51-B0FD-2DB13BACA371}.Debug|x86.ActiveCfg = Debug|Win32
		{2EF57388-3E58-4B51-B0FD-2DB13BACA371}.Debug|x86.Build.0 = Debug|Win32
		{2EF57388-3E58-4B51-B0FD-2DB13BACA371}.Release|x64.ActiveCfg = Release|x64
		{2EF57388-3E58-4B51-B0FD-2DB13BACA371}.Release|x64.Build.0 = Release|x64
		{2EF57388-3E58-4B51-B0FD-2DB13BACA371}.Release|x86.ActiveCfg = Release|Win32
		{2EF57388-3E58-4B51-B0FD-2DB13BACA371}.Release|x86.Build.0 = Release|Win32
		{B6B9FE8A-7029-4093-B401-B7FF11B8726C}.Debug|x64.ActiveCfg = Debug|x64
		{B6B9FE8A-7029-4093-B401-B7FF11B8726C}.Debug|x64.Build.0 = Debug|x64
		{B6B9FE8A-7029-4093-B401-B7FF11B8726C}.Debug|x86.ActiveCfg = Debug|Win32
		{B6B9FE8A-7029-4093-B401-B7FF11B8726C}.Debug|x86.Build.0 = Debug|Win32
		{B6B9FE8A-7029-4093-B401-B7FF11B8726C}.Release|x64.ActiveCfg = Release|x64
		{B6B9FE8A-7029-4093-B401-B7FF11B8726C}.Release|x64.Build.0 = Release|x64
		{B6B9FE8A-7029-4093-B401-B7FF11B8726C}.Release|x86.ActiveCfg = Release|Win32
		{B6B9FE8A-7029-4093-B401-B7FF11B8726C}.Release|x86.Build.0 = Release|Win32
	EndGlobalSection
	GlobalSection(SolutionProperties) = preSolution
		HideSolutionNode = FALSE
	EndGlobalSection
	GlobalSection(ExtensibilityGlobals) = postSolution
		SolutionGuid = {BFCC9A54-6A30-4DB7-B82E-8742752D4F52}
	EndGlobalSection
EndGlobal
